// !$*UTF8*$!
{
	archiveVersion = 1;
	classes = {
	};
	objectVersion = 50;
	objects = {

/* Begin PBXBuildFile section */
		7DEA7C5C26088B7600EA5E6F /* DemoApp.swift in Sources */ = {isa = PBXBuildFile; fileRef = 7DEA7C4926088B7500EA5E6F /* DemoApp.swift */; };
		7DEA7C5D26088B7600EA5E6F /* DemoApp.swift in Sources */ = {isa = PBXBuildFile; fileRef = 7DEA7C4926088B7500EA5E6F /* DemoApp.swift */; };
		7DEA7C5E26088B7600EA5E6F /* ContentView.swift in Sources */ = {isa = PBXBuildFile; fileRef = 7DEA7C4A26088B7500EA5E6F /* ContentView.swift */; };
		7DEA7C5F26088B7600EA5E6F /* ContentView.swift in Sources */ = {isa = PBXBuildFile; fileRef = 7DEA7C4A26088B7500EA5E6F /* ContentView.swift */; };
		7DEA7C6026088B7600EA5E6F /* Assets.xcassets in Resources */ = {isa = PBXBuildFile; fileRef = 7DEA7C4B26088B7600EA5E6F /* Assets.xcassets */; };
		7DEA7C6126088B7600EA5E6F /* Assets.xcassets in Resources */ = {isa = PBXBuildFile; fileRef = 7DEA7C4B26088B7600EA5E6F /* Assets.xcassets */; };
		7DEA7C6D26088BCC00EA5E6F /* TextFile.swift in Sources */ = {isa = PBXBuildFile; fileRef = 7DEA7C6C26088BCC00EA5E6F /* TextFile.swift */; };
		7DEA7C6E26088BCC00EA5E6F /* TextFile.swift in Sources */ = {isa = PBXBuildFile; fileRef = 7DEA7C6C26088BCC00EA5E6F /* TextFile.swift */; };
/* End PBXBuildFile section */

/* Begin PBXFileReference section */
		7DEA7C4926088B7500EA5E6F /* DemoApp.swift */ = {isa = PBXFileReference; lastKnownFileType = sourcecode.swift; path = DemoApp.swift; sourceTree = "<group>"; };
		7DEA7C4A26088B7500EA5E6F /* ContentView.swift */ = {isa = PBXFileReference; lastKnownFileType = sourcecode.swift; path = ContentView.swift; sourceTree = "<group>"; };
		7DEA7C4B26088B7600EA5E6F /* Assets.xcassets */ = {isa = PBXFileReference; lastKnownFileType = folder.assetcatalog; path = Assets.xcassets; sourceTree = "<group>"; };
		7DEA7C5026088B7600EA5E6F /* Demo.app */ = {isa = PBXFileReference; explicitFileType = wrapper.application; includeInIndex = 0; path = Demo.app; sourceTree = BUILT_PRODUCTS_DIR; };
		7DEA7C5326088B7600EA5E6F /* Info.plist */ = {isa = PBXFileReference; lastKnownFileType = text.plist.xml; path = Info.plist; sourceTree = "<group>"; };
		7DEA7C5826088B7600EA5E6F /* Demo.app */ = {isa = PBXFileReference; explicitFileType = wrapper.application; includeInIndex = 0; path = Demo.app; sourceTree = BUILT_PRODUCTS_DIR; };
		7DEA7C5A26088B7600EA5E6F /* Info.plist */ = {isa = PBXFileReference; lastKnownFileType = text.plist.xml; path = Info.plist; sourceTree = "<group>"; };
		7DEA7C5B26088B7600EA5E6F /* macOS.entitlements */ = {isa = PBXFileReference; lastKnownFileType = text.plist.entitlements; path = macOS.entitlements; sourceTree = "<group>"; };
		7DEA7C6C26088BCC00EA5E6F /* TextFile.swift */ = {isa = PBXFileReference; lastKnownFileType = sourcecode.swift; path = TextFile.swift; sourceTree = "<group>"; };
/* End PBXFileReference section */

/* Begin PBXFrameworksBuildPhase section */
		7DEA7C4D26088B7600EA5E6F /* Frameworks */ = {
			isa = PBXFrameworksBuildPhase;
			buildActionMask = 2147483647;
			files = (
			);
			runOnlyForDeploymentPostprocessing = 0;
		};
		7DEA7C5526088B7600EA5E6F /* Frameworks */ = {
			isa = PBXFrameworksBuildPhase;
			buildActionMask = 2147483647;
			files = (
			);
			runOnlyForDeploymentPostprocessing = 0;
		};
/* End PBXFrameworksBuildPhase section */

/* Begin PBXGroup section */
		7DEA7C4326088B7500EA5E6F = {
			isa = PBXGroup;
			children = (
				7DEA7C4826088B7500EA5E6F /* Shared */,
				7DEA7C5226088B7600EA5E6F /* iOS */,
				7DEA7C5926088B7600EA5E6F /* macOS */,
				7DEA7C5126088B7600EA5E6F /* Products */,
			);
			sourceTree = "<group>";
		};
		7DEA7C4826088B7500EA5E6F /* Shared */ = {
			isa = PBXGroup;
			children = (
				7DEA7C4926088B7500EA5E6F /* DemoApp.swift */,
				7DEA7C4A26088B7500EA5E6F /* ContentView.swift */,
				7DEA7C4B26088B7600EA5E6F /* Assets.xcassets */,
				7DEA7C6C26088BCC00EA5E6F /* TextFile.swift */,
			);
			path = Shared;
			sourceTree = "<group>";
		};
		7DEA7C5126088B7600EA5E6F /* Products */ = {
			isa = PBXGroup;
			children = (
				7DEA7C5026088B7600EA5E6F /* Demo.app */,
				7DEA7C5826088B7600EA5E6F /* Demo.app */,
			);
			name = Products;
			sourceTree = "<group>";
		};
		7DEA7C5226088B7600EA5E6F /* iOS */ = {
			isa = PBXGroup;
			children = (
				7DEA7C5326088B7600EA5E6F /* Info.plist */,
			);
			path = iOS;
			sourceTree = "<group>";
		};
		7DEA7C5926088B7600EA5E6F /* macOS */ = {
			isa = PBXGroup;
			children = (
				7DEA7C5A26088B7600EA5E6F /* Info.plist */,
				7DEA7C5B26088B7600EA5E6F /* macOS.entitlements */,
			);
			path = macOS;
			sourceTree = "<group>";
		};
/* End PBXGroup section */

/* Begin PBXNativeTarget section */
		7DEA7C4F26088B7600EA5E6F /* Demo (iOS) */ = {
			isa = PBXNativeTarget;
			buildConfigurationList = 7DEA7C6426088B7600EA5E6F /* Build configuration list for PBXNativeTarget "Demo (iOS)" */;
			buildPhases = (
				7DEA7C4C26088B7600EA5E6F /* Sources */,
				7DEA7C4D26088B7600EA5E6F /* Frameworks */,
				7DEA7C4E26088B7600EA5E6F /* Resources */,
			);
			buildRules = (
			);
			dependencies = (
			);
			name = "Demo (iOS)";
			productName = "Demo (iOS)";
			productReference = 7DEA7C5026088B7600EA5E6F /* Demo.app */;
			productType = "com.apple.product-type.application";
		};
		7DEA7C5726088B7600EA5E6F /* Demo (macOS) */ = {
			isa = PBXNativeTarget;
			buildConfigurationList = 7DEA7C6726088B7600EA5E6F /* Build configuration list for PBXNativeTarget "Demo (macOS)" */;
			buildPhases = (
				7DEA7C5426088B7600EA5E6F /* Sources */,
				7DEA7C5526088B7600EA5E6F /* Frameworks */,
				7DEA7C5626088B7600EA5E6F /* Resources */,
			);
			buildRules = (
			);
			dependencies = (
			);
			name = "Demo (macOS)";
			productName = "Demo (macOS)";
			productReference = 7DEA7C5826088B7600EA5E6F /* Demo.app */;
			productType = "com.apple.product-type.application";
		};
/* End PBXNativeTarget section */

/* Begin PBXProject section */
		7DEA7C4426088B7500EA5E6F /* Project object */ = {
			isa = PBXProject;
			attributes = {
				LastSwiftUpdateCheck = 1240;
				LastUpgradeCheck = 1240;
				TargetAttributes = {
					7DEA7C4F26088B7600EA5E6F = {
						CreatedOnToolsVersion = 12.4;
					};
					7DEA7C5726088B7600EA5E6F = {
						CreatedOnToolsVersion = 12.4;
					};
				};
			};
			buildConfigurationList = 7DEA7C4726088B7500EA5E6F /* Build configuration list for PBXProject "Demo" */;
			compatibilityVersion = "Xcode 9.3";
			developmentRegion = en;
			hasScannedForEncodings = 0;
			knownRegions = (
				en,
				Base,
			);
			mainGroup = 7DEA7C4326088B7500EA5E6F;
			productRefGroup = 7DEA7C5126088B7600EA5E6F /* Products */;
			projectDirPath = "";
			projectRoot = "";
			targets = (
				7DEA7C4F26088B7600EA5E6F /* Demo (iOS) */,
				7DEA7C5726088B7600EA5E6F /* Demo (macOS) */,
			);
		};
/* End PBXProject section */

/* Begin PBXResourcesBuildPhase section */
		7DEA7C4E26088B7600EA5E6F /* Resources */ = {
			isa = PBXResourcesBuildPhase;
			buildActionMask = 2147483647;
			files = (
				7DEA7C6026088B7600EA5E6F /* Assets.xcassets in Resources */,
			);
			runOnlyForDeploymentPostprocessing = 0;
		};
		7DEA7C5626088B7600EA5E6F /* Resources */ = {
			isa = PBXResourcesBuildPhase;
			buildActionMask = 2147483647;
			files = (
				7DEA7C6126088B7600EA5E6F /* Assets.xcassets in Resources */,
			);
			runOnlyForDeploymentPostprocessing = 0;
		};
/* End PBXResourcesBuildPhase section */

/* Begin PBXSourcesBuildPhase section */
		7DEA7C4C26088B7600EA5E6F /* Sources */ = {
			isa = PBXSourcesBuildPhase;
			buildActionMask = 2147483647;
			files = (
				7DEA7C6D26088BCC00EA5E6F /* TextFile.swift in Sources */,
				7DEA7C5E26088B7600EA5E6F /* ContentView.swift in Sources */,
				7DEA7C5C26088B7600EA5E6F /* DemoApp.swift in Sources */,
			);
			runOnlyForDeploymentPostprocessing = 0;
		};
		7DEA7C5426088B7600EA5E6F /* Sources */ = {
			isa = PBXSourcesBuildPhase;
			buildActionMask = 2147483647;
			files = (
				7DEA7C6E26088BCC00EA5E6F /* TextFile.swift in Sources */,
				7DEA7C5F26088B7600EA5E6F /* ContentView.swift in Sources */,
				7DEA7C5D26088B7600EA5E6F /* DemoApp.swift in Sources */,
			);
			runOnlyForDeploymentPostprocessing = 0;
		};
/* End PBXSourcesBuildPhase section */

/* Begin XCBuildConfiguration section */
		7DEA7C6226088B7600EA5E6F /* Debug */ = {
			isa = XCBuildConfiguration;
			buildSettings = {
				ALWAYS_SEARCH_USER_PATHS = NO;
				CLANG_ANALYZER_NONNULL = YES;
				CLANG_ANALYZER_NUMBER_OBJECT_CONVERSION = YES_AGGRESSIVE;
				CLANG_CXX_LANGUAGE_STANDARD = "gnu++14";
				CLANG_CXX_LIBRARY = "libc++";
				CLANG_ENABLE_MODULES = YES;
				CLANG_ENABLE_OBJC_ARC = YES;
				CLANG_ENABLE_OBJC_WEAK = YES;
				CLANG_WARN_BLOCK_CAPTURE_AUTORELEASING = YES;
				CLANG_WARN_BOOL_CONVERSION = YES;
				CLANG_WARN_COMMA = YES;
				CLANG_WARN_CONSTANT_CONVERSION = YES;
				CLANG_WARN_DEPRECATED_OBJC_IMPLEMENTATIONS = YES;
				CLANG_WARN_DIRECT_OBJC_ISA_USAGE = YES_ERROR;
				CLANG_WARN_DOCUMENTATION_COMMENTS = YES;
				CLANG_WARN_EMPTY_BODY = YES;
				CLANG_WARN_ENUM_CONVERSION = YES;
				CLANG_WARN_INFINITE_RECURSION = YES;
				CLANG_WARN_INT_CONVERSION = YES;
				CLANG_WARN_NON_LITERAL_NULL_CONVERSION = YES;
				CLANG_WARN_OBJC_IMPLICIT_RETAIN_SELF = YES;
				CLANG_WARN_OBJC_LITERAL_CONVERSION = YES;
				CLANG_WARN_OBJC_ROOT_CLASS = YES_ERROR;
				CLANG_WARN_QUOTED_INCLUDE_IN_FRAMEWORK_HEADER = YES;
				CLANG_WARN_RANGE_LOOP_ANALYSIS = YES;
				CLANG_WARN_STRICT_PROTOTYPES = YES;
				CLANG_WARN_SUSPICIOUS_MOVE = YES;
				CLANG_WARN_UNGUARDED_AVAILABILITY = YES_AGGRESSIVE;
				CLANG_WARN_UNREACHABLE_CODE = YES;
				CLANG_WARN__DUPLICATE_METHOD_MATCH = YES;
				COPY_PHASE_STRIP = NO;
				DEBUG_INFORMATION_FORMAT = dwarf;
				ENABLE_STRICT_OBJC_MSGSEND = YES;
				ENABLE_TESTABILITY = YES;
				GCC_C_LANGUAGE_STANDARD = gnu11;
				GCC_DYNAMIC_NO_PIC = NO;
				GCC_NO_COMMON_BLOCKS = YES;
				GCC_OPTIMIZATION_LEVEL = 0;
				GCC_PREPROCESSOR_DEFINITIONS = (
					"DEBUG=1",
					"$(inherited)",
				);
				GCC_WARN_64_TO_32_BIT_CONVERSION = YES;
				GCC_WARN_ABOUT_RETURN_TYPE = YES_ERROR;
				GCC_WARN_UNDECLARED_SELECTOR = YES;
				GCC_WARN_UNINITIALIZED_AUTOS = YES_AGGRESSIVE;
				GCC_WARN_UNUSED_FUNCTION = YES;
				GCC_WARN_UNUSED_VARIABLE = YES;
				MTL_ENABLE_DEBUG_INFO = INCLUDE_SOURCE;
				MTL_FAST_MATH = YES;
				ONLY_ACTIVE_ARCH = YES;
				SWIFT_ACTIVE_COMPILATION_CONDITIONS = DEBUG;
				SWIFT_OPTIMIZATION_LEVEL = "-Onone";
			};
			name = Debug;
		};
		7DEA7C6326088B7600EA5E6F /* Release */ = {
			isa = XCBuildConfiguration;
			buildSettings = {
				ALWAYS_SEARCH_USER_PATHS = NO;
				CLANG_ANALYZER_NONNULL = YES;
				CLANG_ANALYZER_NUMBER_OBJECT_CONVERSION = YES_AGGRESSIVE;
				CLANG_CXX_LANGUAGE_STANDARD = "gnu++14";
				CLANG_CXX_LIBRARY = "libc++";
				CLANG_ENABLE_MODULES = YES;
				CLANG_ENABLE_OBJC_ARC = YES;
				CLANG_ENABLE_OBJC_WEAK = YES;
				CLANG_WARN_BLOCK_CAPTURE_AUTORELEASING = YES;
				CLANG_WARN_BOOL_CONVERSION = YES;
				CLANG_WARN_COMMA = YES;
				CLANG_WARN_CONSTANT_CONVERSION = YES;
				CLANG_WARN_DEPRECATED_OBJC_IMPLEMENTATIONS = YES;
				CLANG_WARN_DIRECT_OBJC_ISA_USAGE = YES_ERROR;
				CLANG_WARN_DOCUMENTATION_COMMENTS = YES;
				CLANG_WARN_EMPTY_BODY = YES;
				CLANG_WARN_ENUM_CONVERSION = YES;
				CLANG_WARN_INFINITE_RECURSION = YES;
				CLANG_WARN_INT_CONVERSION = YES;
				CLANG_WARN_NON_LITERAL_NULL_CONVERSION = YES;
				CLANG_WARN_OBJC_IMPLICIT_RETAIN_SELF = YES;
				CLANG_WARN_OBJC_LITERAL_CONVERSION = YES;
				CLANG_WARN_OBJC_ROOT_CLASS = YES_ERROR;
				CLANG_WARN_QUOTED_INCLUDE_IN_FRAMEWORK_HEADER = YES;
				CLANG_WARN_RANGE_LOOP_ANALYSIS = YES;
				CLANG_WARN_STRICT_PROTOTYPES = YES;
				CLANG_WARN_SUSPICIOUS_MOVE = YES;
				CLANG_WARN_UNGUARDED_AVAILABILITY = YES_AGGRESSIVE;
				CLANG_WARN_UNREACHABLE_CODE = YES;
				CLANG_WARN__DUPLICATE_METHOD_MATCH = YES;
				COPY_PHASE_STRIP = NO;
				DEBUG_INFORMATION_FORMAT = "dwarf-with-dsym";
				ENABLE_NS_ASSERTIONS = NO;
				ENABLE_STRICT_OBJC_MSGSEND = YES;
				GCC_C_LANGUAGE_STANDARD = gnu11;
				GCC_NO_COMMON_BLOCKS = YES;
				GCC_WARN_64_TO_32_BIT_CONVERSION = YES;
				GCC_WARN_ABOUT_RETURN_TYPE = YES_ERROR;
				GCC_WARN_UNDECLARED_SELECTOR = YES;
				GCC_WARN_UNINITIALIZED_AUTOS = YES_AGGRESSIVE;
				GCC_WARN_UNUSED_FUNCTION = YES;
				GCC_WARN_UNUSED_VARIABLE = YES;
				MTL_ENABLE_DEBUG_INFO = NO;
				MTL_FAST_MATH = YES;
				SWIFT_COMPILATION_MODE = wholemodule;
				SWIFT_OPTIMIZATION_LEVEL = "-O";
			};
			name = Release;
		};
		7DEA7C6526088B7600EA5E6F /* Debug */ = {
			isa = XCBuildConfiguration;
			buildSettings = {
				ASSETCATALOG_COMPILER_APPICON_NAME = AppIcon;
				ASSETCATALOG_COMPILER_GLOBAL_ACCENT_COLOR_NAME = AccentColor;
				CODE_SIGN_STYLE = Automatic;
				DEVELOPMENT_TEAM = 968DSZ49MT;
				ENABLE_PREVIEWS = YES;
				INFOPLIST_FILE = iOS/Info.plist;
				IPHONEOS_DEPLOYMENT_TARGET = 14.0;
				LD_RUNPATH_SEARCH_PATHS = (
					"$(inherited)",
					"@executable_path/Frameworks",
				);
				PRODUCT_BUNDLE_IDENTIFIER = demo.Demo;
				PRODUCT_NAME = Demo;
				SDKROOT = iphoneos;
				SWIFT_VERSION = 5.0;
				TARGETED_DEVICE_FAMILY = "1,2";
			};
			name = Debug;
		};
		7DEA7C6626088B7600EA5E6F /* Release */ = {
			isa = XCBuildConfiguration;
			buildSettings = {
				ASSETCATALOG_COMPILER_APPICON_NAME = AppIcon;
				ASSETCATALOG_COMPILER_GLOBAL_ACCENT_COLOR_NAME = AccentColor;
				CODE_SIGN_STYLE = Automatic;
				DEVELOPMENT_TEAM = 968DSZ49MT;
				ENABLE_PREVIEWS = YES;
				INFOPLIST_FILE = iOS/Info.plist;
				IPHONEOS_DEPLOYMENT_TARGET = 14.0;
				LD_RUNPATH_SEARCH_PATHS = (
					"$(inherited)",
					"@executable_path/Frameworks",
				);
				PRODUCT_BUNDLE_IDENTIFIER = demo.Demo;
				PRODUCT_NAME = Demo;
				SDKROOT = iphoneos;
				SWIFT_VERSION = 5.0;
				TARGETED_DEVICE_FAMILY = "1,2";
				VALIDATE_PRODUCT = YES;
			};
			name = Release;
		};
		7DEA7C6826088B7600EA5E6F /* Debug */ = {
			isa = XCBuildConfiguration;
			buildSettings = {
				ASSETCATALOG_COMPILER_APPICON_NAME = AppIcon;
				ASSETCATALOG_COMPILER_GLOBAL_ACCENT_COLOR_NAME = AccentColor;
				CODE_SIGN_ENTITLEMENTS = macOS/macOS.entitlements;
				CODE_SIGN_STYLE = Automatic;
				COMBINE_HIDPI_IMAGES = YES;
				DEVELOPMENT_TEAM = 968DSZ49MT;
				ENABLE_HARDENED_RUNTIME = YES;
				ENABLE_PREVIEWS = YES;
				INFOPLIST_FILE = macOS/Info.plist;
				LD_RUNPATH_SEARCH_PATHS = (
					"$(inherited)",
					"@executable_path/../Frameworks",
				);
				MACOSX_DEPLOYMENT_TARGET = 11.0;
				PRODUCT_BUNDLE_IDENTIFIER = demo.Demo;
				PRODUCT_NAME = Demo;
				SDKROOT = macosx;
				SWIFT_VERSION = 5.0;
			};
			name = Debug;
		};
		7DEA7C6926088B7600EA5E6F /* Release */ = {
			isa = XCBuildConfiguration;
			buildSettings = {
				ASSETCATALOG_COMPILER_APPICON_NAME = AppIcon;
				ASSETCATALOG_COMPILER_GLOBAL_ACCENT_COLOR_NAME = AccentColor;
				CODE_SIGN_ENTITLEMENTS = macOS/macOS.entitlements;
				CODE_SIGN_STYLE = Automatic;
				COMBINE_HIDPI_IMAGES = YES;
				DEVELOPMENT_TEAM = 968DSZ49MT;
				ENABLE_HARDENED_RUNTIME = YES;
				ENABLE_PREVIEWS = YES;
				INFOPLIST_FILE = macOS/Info.plist;
				LD_RUNPATH_SEARCH_PATHS = (
					"$(inherited)",
					"@executable_path/../Frameworks",
				);
				MACOSX_DEPLOYMENT_TARGET = 11.0;
				PRODUCT_BUNDLE_IDENTIFIER = demo.Demo;
				PRODUCT_NAME = Demo;
				SDKROOT = macosx;
				SWIFT_VERSION = 5.0;
			};
			name = Release;
		};
/* End XCBuildConfiguration section */

/* Begin XCConfigurationList section */
		7DEA7C4726088B7500EA5E6F /* Build configuration list for PBXProject "Demo" */ = {
			isa = XCConfigurationList;
			buildConfigurations = (
				7DEA7C6226088B7600EA5E6F /* Debug */,
				7DEA7C6326088B7600EA5E6F /* Release */,
			);
			defaultConfigurationIsVisible = 0;
			defaultConfigurationName = Release;
		};
		7DEA7C6426088B7600EA5E6F /* Build configuration list for PBXNativeTarget "Demo (iOS)" */ = {
			isa = XCConfigurationList;
			buildConfigurations = (
				7DEA7C6526088B7600EA5E6F /* Debug */,
				7DEA7C6626088B7600EA5E6F /* Release */,
			);
			defaultConfigurationIsVisible = 0;
			defaultConfigurationName = Release;
		};
		7DEA7C6726088B7600EA5E6F /* Build configuration list for PBXNativeTarget "Demo (macOS)" */ = {
			isa = XCConfigurationList;
			buildConfigurations = (
				7DEA7C6826088B7600EA5E6F /* Debug */,
				7DEA7C6926088B7600EA5E6F /* Release */,
			);
			defaultConfigurationIsVisible = 0;
			defaultConfigurationName = Release;
		};
/* End XCConfigurationList section */
	};
	rootObject = 7DEA7C4426088B7500EA5E6F /* Project object */;
}
