// !$*UTF8*$!
{
	archiveVersion = 1;
	classes = {
	};
	objectVersion = 50;
	objects = {

/* Begin PBXBuildFile section */
		7D7C8A822606774A00F97ED3 /* Demo WatchKit App.app in Embed Watch Content */ = {isa = PBXBuildFile; fileRef = 7D7C8A812606774A00F97ED3 /* Demo WatchKit App.app */; settings = {ATTRIBUTES = (RemoveHeadersOnCopy, ); }; };
		7D7C8A872606774B00F97ED3 /* Assets.xcassets in Resources */ = {isa = PBXBuildFile; fileRef = 7D7C8A862606774B00F97ED3 /* Assets.xcassets */; };
		7D7C8A8E2606774B00F97ED3 /* Demo WatchKit Extension.appex in Embed App Extensions */ = {isa = PBXBuildFile; fileRef = 7D7C8A8D2606774B00F97ED3 /* Demo WatchKit Extension.appex */; settings = {ATTRIBUTES = (RemoveHeadersOnCopy, ); }; };
		7D7C8A932606774B00F97ED3 /* DemoApp.swift in Sources */ = {isa = PBXBuildFile; fileRef = 7D7C8A922606774B00F97ED3 /* DemoApp.swift */; };
		7D7C8A952606774B00F97ED3 /* ContentView.swift in Sources */ = {isa = PBXBuildFile; fileRef = 7D7C8A942606774B00F97ED3 /* ContentView.swift */; };
		7D7C8A972606774B00F97ED3 /* NotificationController.swift in Sources */ = {isa = PBXBuildFile; fileRef = 7D7C8A962606774B00F97ED3 /* NotificationController.swift */; };
		7D7C8A992606774B00F97ED3 /* NotificationView.swift in Sources */ = {isa = PBXBuildFile; fileRef = 7D7C8A982606774B00F97ED3 /* NotificationView.swift */; };
		7D7C8A9B2606774B00F97ED3 /* ComplicationController.swift in Sources */ = {isa = PBXBuildFile; fileRef = 7D7C8A9A2606774B00F97ED3 /* ComplicationController.swift */; };
		7D7C8A9D2606774B00F97ED3 /* Assets.xcassets in Resources */ = {isa = PBXBuildFile; fileRef = 7D7C8A9C2606774B00F97ED3 /* Assets.xcassets */; };
		7D7C8AA02606774B00F97ED3 /* Preview Assets.xcassets in Resources */ = {isa = PBXBuildFile; fileRef = 7D7C8A9F2606774B00F97ED3 /* Preview Assets.xcassets */; };
/* End PBXBuildFile section */

/* Begin PBXContainerItemProxy section */
		7D7C8A832606774A00F97ED3 /* PBXContainerItemProxy */ = {
			isa = PBXContainerItemProxy;
			containerPortal = 7D7C8A772606774A00F97ED3 /* Project object */;
			proxyType = 1;
			remoteGlobalIDString = 7D7C8A802606774A00F97ED3;
			remoteInfo = "Demo WatchKit App";
		};
		7D7C8A8F2606774B00F97ED3 /* PBXContainerItemProxy */ = {
			isa = PBXContainerItemProxy;
			containerPortal = 7D7C8A772606774A00F97ED3 /* Project object */;
			proxyType = 1;
			remoteGlobalIDString = 7D7C8A8C2606774B00F97ED3;
			remoteInfo = "Demo WatchKit Extension";
		};
/* End PBXContainerItemProxy section */

/* Begin PBXCopyFilesBuildPhase section */
		7D7C8AA82606774B00F97ED3 /* Embed App Extensions */ = {
			isa = PBXCopyFilesBuildPhase;
			buildActionMask = 2147483647;
			dstPath = "";
			dstSubfolderSpec = 13;
			files = (
				7D7C8A8E2606774B00F97ED3 /* Demo WatchKit Extension.appex in Embed App Extensions */,
			);
			name = "Embed App Extensions";
			runOnlyForDeploymentPostprocessing = 0;
		};
		7D7C8AAC2606774B00F97ED3 /* Embed Watch Content */ = {
			isa = PBXCopyFilesBuildPhase;
			buildActionMask = 2147483647;
			dstPath = "$(CONTENTS_FOLDER_PATH)/Watch";
			dstSubfolderSpec = 16;
			files = (
				7D7C8A822606774A00F97ED3 /* Demo WatchKit App.app in Embed Watch Content */,
			);
			name = "Embed Watch Content";
			runOnlyForDeploymentPostprocessing = 0;
		};
/* End PBXCopyFilesBuildPhase section */

/* Begin PBXFileReference section */
		7D7C8A7D2606774A00F97ED3 /* Demo.app */ = {isa = PBXFileReference; explicitFileType = wrapper.application; includeInIndex = 0; path = Demo.app; sourceTree = BUILT_PRODUCTS_DIR; };
		7D7C8A812606774A00F97ED3 /* Demo WatchKit App.app */ = {isa = PBXFileReference; explicitFileType = wrapper.application; includeInIndex = 0; path = "Demo WatchKit App.app"; sourceTree = BUILT_PRODUCTS_DIR; };
		7D7C8A862606774B00F97ED3 /* Assets.xcassets */ = {isa = PBXFileReference; lastKnownFileType = folder.assetcatalog; path = Assets.xcassets; sourceTree = "<group>"; };
		7D7C8A882606774B00F97ED3 /* Info.plist */ = {isa = PBXFileReference; lastKnownFileType = text.plist.xml; path = Info.plist; sourceTree = "<group>"; };
		7D7C8A8D2606774B00F97ED3 /* Demo WatchKit Extension.appex */ = {isa = PBXFileReference; explicitFileType = "wrapper.app-extension"; includeInIndex = 0; path = "Demo WatchKit Extension.appex"; sourceTree = BUILT_PRODUCTS_DIR; };
		7D7C8A922606774B00F97ED3 /* DemoApp.swift */ = {isa = PBXFileReference; lastKnownFileType = sourcecode.swift; path = DemoApp.swift; sourceTree = "<group>"; };
		7D7C8A942606774B00F97ED3 /* ContentView.swift */ = {isa = PBXFileReference; lastKnownFileType = sourcecode.swift; path = ContentView.swift; sourceTree = "<group>"; };
		7D7C8A962606774B00F97ED3 /* NotificationController.swift */ = {isa = PBXFileReference; lastKnownFileType = sourcecode.swift; path = NotificationController.swift; sourceTree = "<group>"; };
		7D7C8A982606774B00F97ED3 /* NotificationView.swift */ = {isa = PBXFileReference; lastKnownFileType = sourcecode.swift; path = NotificationView.swift; sourceTree = "<group>"; };
		7D7C8A9A2606774B00F97ED3 /* ComplicationController.swift */ = {isa = PBXFileReference; lastKnownFileType = sourcecode.swift; path = ComplicationController.swift; sourceTree = "<group>"; };
		7D7C8A9C2606774B00F97ED3 /* Assets.xcassets */ = {isa = PBXFileReference; lastKnownFileType = folder.assetcatalog; path = Assets.xcassets; sourceTree = "<group>"; };
		7D7C8A9F2606774B00F97ED3 /* Preview Assets.xcassets */ = {isa = PBXFileReference; lastKnownFileType = folder.assetcatalog; path = "Preview Assets.xcassets"; sourceTree = "<group>"; };
		7D7C8AA12606774B00F97ED3 /* Info.plist */ = {isa = PBXFileReference; lastKnownFileType = text.plist.xml; path = Info.plist; sourceTree = "<group>"; };
		7D7C8AA22606774B00F97ED3 /* PushNotificationPayload.apns */ = {isa = PBXFileReference; lastKnownFileType = text; path = PushNotificationPayload.apns; sourceTree = "<group>"; };
/* End PBXFileReference section */

/* Begin PBXFrameworksBuildPhase section */
		7D7C8A8A2606774B00F97ED3 /* Frameworks */ = {
			isa = PBXFrameworksBuildPhase;
			buildActionMask = 2147483647;
			files = (
			);
			runOnlyForDeploymentPostprocessing = 0;
		};
/* End PBXFrameworksBuildPhase section */

/* Begin PBXGroup section */
		7D7C8A762606774A00F97ED3 = {
			isa = PBXGroup;
			children = (
				7D7C8A852606774A00F97ED3 /* Demo WatchKit App */,
				7D7C8A912606774B00F97ED3 /* Demo WatchKit Extension */,
				7D7C8A7E2606774A00F97ED3 /* Products */,
			);
			sourceTree = "<group>";
		};
		7D7C8A7E2606774A00F97ED3 /* Products */ = {
			isa = PBXGroup;
			children = (
				7D7C8A7D2606774A00F97ED3 /* Demo.app */,
				7D7C8A812606774A00F97ED3 /* Demo WatchKit App.app */,
				7D7C8A8D2606774B00F97ED3 /* Demo WatchKit Extension.appex */,
			);
			name = Products;
			sourceTree = "<group>";
		};
		7D7C8A852606774A00F97ED3 /* Demo WatchKit App */ = {
			isa = PBXGroup;
			children = (
				7D7C8A862606774B00F97ED3 /* Assets.xcassets */,
				7D7C8A882606774B00F97ED3 /* Info.plist */,
			);
			path = "Demo WatchKit App";
			sourceTree = "<group>";
		};
		7D7C8A912606774B00F97ED3 /* Demo WatchKit Extension */ = {
			isa = PBXGroup;
			children = (
				7D7C8A922606774B00F97ED3 /* DemoApp.swift */,
				7D7C8A942606774B00F97ED3 /* ContentView.swift */,
				7D7C8A962606774B00F97ED3 /* NotificationController.swift */,
				7D7C8A982606774B00F97ED3 /* NotificationView.swift */,
				7D7C8A9A2606774B00F97ED3 /* ComplicationController.swift */,
				7D7C8A9C2606774B00F97ED3 /* Assets.xcassets */,
				7D7C8AA12606774B00F97ED3 /* Info.plist */,
				7D7C8AA22606774B00F97ED3 /* PushNotificationPayload.apns */,
				7D7C8A9E2606774B00F97ED3 /* Preview Content */,
			);
			path = "Demo WatchKit Extension";
			sourceTree = "<group>";
		};
		7D7C8A9E2606774B00F97ED3 /* Preview Content */ = {
			isa = PBXGroup;
			children = (
				7D7C8A9F2606774B00F97ED3 /* Preview Assets.xcassets */,
			);
			path = "Preview Content";
			sourceTree = "<group>";
		};
/* End PBXGroup section */

/* Begin PBXNativeTarget section */
		7D7C8A7C2606774A00F97ED3 /* Demo */ = {
			isa = PBXNativeTarget;
			buildConfigurationList = 7D7C8AAD2606774B00F97ED3 /* Build configuration list for PBXNativeTarget "Demo" */;
			buildPhases = (
				7D7C8A7B2606774A00F97ED3 /* Resources */,
				7D7C8AAC2606774B00F97ED3 /* Embed Watch Content */,
			);
			buildRules = (
			);
			dependencies = (
				7D7C8A842606774A00F97ED3 /* PBXTargetDependency */,
			);
			name = Demo;
			productName = Demo;
			productReference = 7D7C8A7D2606774A00F97ED3 /* Demo.app */;
			productType = "com.apple.product-type.application.watchapp2-container";
		};
		7D7C8A802606774A00F97ED3 /* Demo WatchKit App */ = {
			isa = PBXNativeTarget;
			buildConfigurationList = 7D7C8AA92606774B00F97ED3 /* Build configuration list for PBXNativeTarget "Demo WatchKit App" */;
			buildPhases = (
				7D7C8A7F2606774A00F97ED3 /* Resources */,
				7D7C8AA82606774B00F97ED3 /* Embed App Extensions */,
			);
			buildRules = (
			);
			dependencies = (
				7D7C8A902606774B00F97ED3 /* PBXTargetDependency */,
			);
			name = "Demo WatchKit App";
			productName = "Demo WatchKit App";
			productReference = 7D7C8A812606774A00F97ED3 /* Demo WatchKit App.app */;
			productType = "com.apple.product-type.application.watchapp2";
		};
		7D7C8A8C2606774B00F97ED3 /* Demo WatchKit Extension */ = {
			isa = PBXNativeTarget;
			buildConfigurationList = 7D7C8AA52606774B00F97ED3 /* Build configuration list for PBXNativeTarget "Demo WatchKit Extension" */;
			buildPhases = (
				7D7C8A892606774B00F97ED3 /* Sources */,
				7D7C8A8A2606774B00F97ED3 /* Frameworks */,
				7D7C8A8B2606774B00F97ED3 /* Resources */,
			);
			buildRules = (
			);
			dependencies = (
			);
			name = "Demo WatchKit Extension";
			productName = "Demo WatchKit Extension";
			productReference = 7D7C8A8D2606774B00F97ED3 /* Demo WatchKit Extension.appex */;
			productType = "com.apple.product-type.watchkit2-extension";
		};
/* End PBXNativeTarget section */

/* Begin PBXProject section */
		7D7C8A772606774A00F97ED3 /* Project object */ = {
			isa = PBXProject;
			attributes = {
				LastSwiftUpdateCheck = 1240;
				LastUpgradeCheck = 1240;
				TargetAttributes = {
					7D7C8A7C2606774A00F97ED3 = {
						CreatedOnToolsVersion = 12.4;
					};
					7D7C8A802606774A00F97ED3 = {
						CreatedOnToolsVersion = 12.4;
					};
					7D7C8A8C2606774B00F97ED3 = {
						CreatedOnToolsVersion = 12.4;
					};
				};
			};
			buildConfigurationList = 7D7C8A7A2606774A00F97ED3 /* Build configuration list for PBXProject "Demo" */;
			compatibilityVersion = "Xcode 9.3";
			developmentRegion = en;
			hasScannedForEncodings = 0;
			knownRegions = (
				en,
				Base,
			);
			mainGroup = 7D7C8A762606774A00F97ED3;
			productRefGroup = 7D7C8A7E2606774A00F97ED3 /* Products */;
			projectDirPath = "";
			projectRoot = "";
			targets = (
				7D7C8A7C2606774A00F97ED3 /* Demo */,
				7D7C8A802606774A00F97ED3 /* Demo WatchKit App */,
				7D7C8A8C2606774B00F97ED3 /* Demo WatchKit Extension */,
			);
		};
/* End PBXProject section */

/* Begin PBXResourcesBuildPhase section */
		7D7C8A7B2606774A00F97ED3 /* Resources */ = {
			isa = PBXResourcesBuildPhase;
			buildActionMask = 2147483647;
			files = (
			);
			runOnlyForDeploymentPostprocessing = 0;
		};
		7D7C8A7F2606774A00F97ED3 /* Resources */ = {
			isa = PBXResourcesBuildPhase;
			buildActionMask = 2147483647;
			files = (
				7D7C8A872606774B00F97ED3 /* Assets.xcassets in Resources */,
			);
			runOnlyForDeploymentPostprocessing = 0;
		};
		7D7C8A8B2606774B00F97ED3 /* Resources */ = {
			isa = PBXResourcesBuildPhase;
			buildActionMask = 2147483647;
			files = (
				7D7C8AA02606774B00F97ED3 /* Preview Assets.xcassets in Resources */,
				7D7C8A9D2606774B00F97ED3 /* Assets.xcassets in Resources */,
			);
			runOnlyForDeploymentPostprocessing = 0;
		};
/* End PBXResourcesBuildPhase section */

/* Begin PBXSourcesBuildPhase section */
		7D7C8A892606774B00F97ED3 /* Sources */ = {
			isa = PBXSourcesBuildPhase;
			buildActionMask = 2147483647;
			files = (
				7D7C8A972606774B00F97ED3 /* NotificationController.swift in Sources */,
				7D7C8A952606774B00F97ED3 /* ContentView.swift in Sources */,
				7D7C8A9B2606774B00F97ED3 /* ComplicationController.swift in Sources */,
				7D7C8A932606774B00F97ED3 /* DemoApp.swift in Sources */,
				7D7C8A992606774B00F97ED3 /* NotificationView.swift in Sources */,
			);
			runOnlyForDeploymentPostprocessing = 0;
		};
/* End PBXSourcesBuildPhase section */

/* Begin PBXTargetDependency section */
		7D7C8A842606774A00F97ED3 /* PBXTargetDependency */ = {
			isa = PBXTargetDependency;
			target = 7D7C8A802606774A00F97ED3 /* Demo WatchKit App */;
			targetProxy = 7D7C8A832606774A00F97ED3 /* PBXContainerItemProxy */;
		};
		7D7C8A902606774B00F97ED3 /* PBXTargetDependency */ = {
			isa = PBXTargetDependency;
			target = 7D7C8A8C2606774B00F97ED3 /* Demo WatchKit Extension */;
			targetProxy = 7D7C8A8F2606774B00F97ED3 /* PBXContainerItemProxy */;
		};
/* End PBXTargetDependency section */

/* Begin XCBuildConfiguration section */
		7D7C8AA32606774B00F97ED3 /* Debug */ = {
			isa = XCBuildConfiguration;
			buildSettings = {
				ALWAYS_SEARCH_USER_PATHS = NO;
				CLANG_ANALYZER_NONNULL = YES;
				CLANG_ANALYZER_NUMBER_OBJECT_CONVERSION = YES_AGGRESSIVE;
				CLANG_CXX_LANGUAGE_STANDARD = "gnu++14";
				CLANG_CXX_LIBRARY = "libc++";
				CLANG_ENABLE_MODULES = YES;
				CLANG_ENABLE_OBJC_ARC = YES;
				CLANG_ENABLE_OBJC_WEAK = YES;
				CLANG_WARN_BLOCK_CAPTURE_AUTORELEASING = YES;
				CLANG_WARN_BOOL_CONVERSION = YES;
				CLANG_WARN_COMMA = YES;
				CLANG_WARN_CONSTANT_CONVERSION = YES;
				CLANG_WARN_DEPRECATED_OBJC_IMPLEMENTATIONS = YES;
				CLANG_WARN_DIRECT_OBJC_ISA_USAGE = YES_ERROR;
				CLANG_WARN_DOCUMENTATION_COMMENTS = YES;
				CLANG_WARN_EMPTY_BODY = YES;
				CLANG_WARN_ENUM_CONVERSION = YES;
				CLANG_WARN_INFINITE_RECURSION = YES;
				CLANG_WARN_INT_CONVERSION = YES;
				CLANG_WARN_NON_LITERAL_NULL_CONVERSION = YES;
				CLANG_WARN_OBJC_IMPLICIT_RETAIN_SELF = YES;
				CLANG_WARN_OBJC_LITERAL_CONVERSION = YES;
				CLANG_WARN_OBJC_ROOT_CLASS = YES_ERROR;
				CLANG_WARN_QUOTED_INCLUDE_IN_FRAMEWORK_HEADER = YES;
				CLANG_WARN_RANGE_LOOP_ANALYSIS = YES;
				CLANG_WARN_STRICT_PROTOTYPES = YES;
				CLANG_WARN_SUSPICIOUS_MOVE = YES;
				CLANG_WARN_UNGUARDED_AVAILABILITY = YES_AGGRESSIVE;
				CLANG_WARN_UNREACHABLE_CODE = YES;
				CLANG_WARN__DUPLICATE_METHOD_MATCH = YES;
				COPY_PHASE_STRIP = NO;
				DEBUG_INFORMATION_FORMAT = dwarf;
				ENABLE_STRICT_OBJC_MSGSEND = YES;
				ENABLE_TESTABILITY = YES;
				GCC_C_LANGUAGE_STANDARD = gnu11;
				GCC_DYNAMIC_NO_PIC = NO;
				GCC_NO_COMMON_BLOCKS = YES;
				GCC_OPTIMIZATION_LEVEL = 0;
				GCC_PREPROCESSOR_DEFINITIONS = (
					"DEBUG=1",
					"$(inherited)",
				);
				GCC_WARN_64_TO_32_BIT_CONVERSION = YES;
				GCC_WARN_ABOUT_RETURN_TYPE = YES_ERROR;
				GCC_WARN_UNDECLARED_SELECTOR = YES;
				GCC_WARN_UNINITIALIZED_AUTOS = YES_AGGRESSIVE;
				GCC_WARN_UNUSED_FUNCTION = YES;
				GCC_WARN_UNUSED_VARIABLE = YES;
				MTL_ENABLE_DEBUG_INFO = INCLUDE_SOURCE;
				MTL_FAST_MATH = YES;
				ONLY_ACTIVE_ARCH = YES;
				SDKROOT = iphoneos;
				SWIFT_ACTIVE_COMPILATION_CONDITIONS = DEBUG;
				SWIFT_OPTIMIZATION_LEVEL = "-Onone";
			};
			name = Debug;
		};
		7D7C8AA42606774B00F97ED3 /* Release */ = {
			isa = XCBuildConfiguration;
			buildSettings = {
				ALWAYS_SEARCH_USER_PATHS = NO;
				CLANG_ANALYZER_NONNULL = YES;
				CLANG_ANALYZER_NUMBER_OBJECT_CONVERSION = YES_AGGRESSIVE;
				CLANG_CXX_LANGUAGE_STANDARD = "gnu++14";
				CLANG_CXX_LIBRARY = "libc++";
				CLANG_ENABLE_MODULES = YES;
				CLANG_ENABLE_OBJC_ARC = YES;
				CLANG_ENABLE_OBJC_WEAK = YES;
				CLANG_WARN_BLOCK_CAPTURE_AUTORELEASING = YES;
				CLANG_WARN_BOOL_CONVERSION = YES;
				CLANG_WARN_COMMA = YES;
				CLANG_WARN_CONSTANT_CONVERSION = YES;
				CLANG_WARN_DEPRECATED_OBJC_IMPLEMENTATIONS = YES;
				CLANG_WARN_DIRECT_OBJC_ISA_USAGE = YES_ERROR;
				CLANG_WARN_DOCUMENTATION_COMMENTS = YES;
				CLANG_WARN_EMPTY_BODY = YES;
				CLANG_WARN_ENUM_CONVERSION = YES;
				CLANG_WARN_INFINITE_RECURSION = YES;
				CLANG_WARN_INT_CONVERSION = YES;
				CLANG_WARN_NON_LITERAL_NULL_CONVERSION = YES;
				CLANG_WARN_OBJC_IMPLICIT_RETAIN_SELF = YES;
				CLANG_WARN_OBJC_LITERAL_CONVERSION = YES;
				CLANG_WARN_OBJC_ROOT_CLASS = YES_ERROR;
				CLANG_WARN_QUOTED_INCLUDE_IN_FRAMEWORK_HEADER = YES;
				CLANG_WARN_RANGE_LOOP_ANALYSIS = YES;
				CLANG_WARN_STRICT_PROTOTYPES = YES;
				CLANG_WARN_SUSPICIOUS_MOVE = YES;
				CLANG_WARN_UNGUARDED_AVAILABILITY = YES_AGGRESSIVE;
				CLANG_WARN_UNREACHABLE_CODE = YES;
				CLANG_WARN__DUPLICATE_METHOD_MATCH = YES;
				COPY_PHASE_STRIP = NO;
				DEBUG_INFORMATION_FORMAT = "dwarf-with-dsym";
				ENABLE_NS_ASSERTIONS = NO;
				ENABLE_STRICT_OBJC_MSGSEND = YES;
				GCC_C_LANGUAGE_STANDARD = gnu11;
				GCC_NO_COMMON_BLOCKS = YES;
				GCC_WARN_64_TO_32_BIT_CONVERSION = YES;
				GCC_WARN_ABOUT_RETURN_TYPE = YES_ERROR;
				GCC_WARN_UNDECLARED_SELECTOR = YES;
				GCC_WARN_UNINITIALIZED_AUTOS = YES_AGGRESSIVE;
				GCC_WARN_UNUSED_FUNCTION = YES;
				GCC_WARN_UNUSED_VARIABLE = YES;
				MTL_ENABLE_DEBUG_INFO = NO;
				MTL_FAST_MATH = YES;
				SDKROOT = iphoneos;
				SWIFT_COMPILATION_MODE = wholemodule;
				SWIFT_OPTIMIZATION_LEVEL = "-O";
				VALIDATE_PRODUCT = YES;
			};
			name = Release;
		};
		7D7C8AA62606774B00F97ED3 /* Debug */ = {
			isa = XCBuildConfiguration;
			buildSettings = {
				ASSETCATALOG_COMPILER_COMPLICATION_NAME = Complication;
				CODE_SIGN_STYLE = Automatic;
				DEVELOPMENT_ASSET_PATHS = "\"Demo WatchKit Extension/Preview Content\"";
				DEVELOPMENT_TEAM = 968DSZ49MT;
				ENABLE_PREVIEWS = YES;
				INFOPLIST_FILE = "Demo WatchKit Extension/Info.plist";
				LD_RUNPATH_SEARCH_PATHS = (
					"$(inherited)",
					"@executable_path/Frameworks",
					"@executable_path/../../Frameworks",
				);
				PRODUCT_BUNDLE_IDENTIFIER = demo.Demo.watchkitapp.watchkitextension;
				PRODUCT_NAME = "${TARGET_NAME}";
				SDKROOT = watchos;
				SKIP_INSTALL = YES;
				SWIFT_VERSION = 5.0;
				TARGETED_DEVICE_FAMILY = 4;
				WATCHOS_DEPLOYMENT_TARGET = 7.2;
			};
			name = Debug;
		};
		7D7C8AA72606774B00F97ED3 /* Release */ = {
			isa = XCBuildConfiguration;
			buildSettings = {
				ASSETCATALOG_COMPILER_COMPLICATION_NAME = Complication;
				CODE_SIGN_STYLE = Automatic;
				DEVELOPMENT_ASSET_PATHS = "\"Demo WatchKit Extension/Preview Content\"";
				DEVELOPMENT_TEAM = 968DSZ49MT;
				ENABLE_PREVIEWS = YES;
				INFOPLIST_FILE = "Demo WatchKit Extension/Info.plist";
				LD_RUNPATH_SEARCH_PATHS = (
					"$(inherited)",
					"@executable_path/Frameworks",
					"@executable_path/../../Frameworks",
				);
				PRODUCT_BUNDLE_IDENTIFIER = demo.Demo.watchkitapp.watchkitextension;
				PRODUCT_NAME = "${TARGET_NAME}";
				SDKROOT = watchos;
				SKIP_INSTALL = YES;
				SWIFT_VERSION = 5.0;
				TARGETED_DEVICE_FAMILY = 4;
				WATCHOS_DEPLOYMENT_TARGET = 7.2;
			};
			name = Release;
		};
		7D7C8AAA2606774B00F97ED3 /* Debug */ = {
			isa = XCBuildConfiguration;
			buildSettings = {
				ALWAYS_EMBED_SWIFT_STANDARD_LIBRARIES = YES;
				ASSETCATALOG_COMPILER_APPICON_NAME = AppIcon;
				ASSETCATALOG_COMPILER_GLOBAL_ACCENT_COLOR_NAME = AccentColor;
				CODE_SIGN_STYLE = Automatic;
				DEVELOPMENT_TEAM = 968DSZ49MT;
				IBSC_MODULE = Demo_WatchKit_Extension;
				INFOPLIST_FILE = "Demo WatchKit App/Info.plist";
				PRODUCT_BUNDLE_IDENTIFIER = demo.Demo.watchkitapp;
				PRODUCT_NAME = "$(TARGET_NAME)";
				SDKROOT = watchos;
				SKIP_INSTALL = YES;
				SWIFT_VERSION = 5.0;
				TARGETED_DEVICE_FAMILY = 4;
				WATCHOS_DEPLOYMENT_TARGET = 7.2;
			};
			name = Debug;
		};
		7D7C8AAB2606774B00F97ED3 /* Release */ = {
			isa = XCBuildConfiguration;
			buildSettings = {
				ALWAYS_EMBED_SWIFT_STANDARD_LIBRARIES = YES;
				ASSETCATALOG_COMPILER_APPICON_NAME = AppIcon;
				ASSETCATALOG_COMPILER_GLOBAL_ACCENT_COLOR_NAME = AccentColor;
				CODE_SIGN_STYLE = Automatic;
				DEVELOPMENT_TEAM = 968DSZ49MT;
				IBSC_MODULE = Demo_WatchKit_Extension;
				INFOPLIST_FILE = "Demo WatchKit App/Info.plist";
				PRODUCT_BUNDLE_IDENTIFIER = demo.Demo.watchkitapp;
				PRODUCT_NAME = "$(TARGET_NAME)";
				SDKROOT = watchos;
				SKIP_INSTALL = YES;
				SWIFT_VERSION = 5.0;
				TARGETED_DEVICE_FAMILY = 4;
				WATCHOS_DEPLOYMENT_TARGET = 7.2;
			};
			name = Release;
		};
		7D7C8AAE2606774B00F97ED3 /* Debug */ = {
			isa = XCBuildConfiguration;
			buildSettings = {
				CODE_SIGN_STYLE = Automatic;
				CURRENT_PROJECT_VERSION = 1;
				DEVELOPMENT_TEAM = 968DSZ49MT;
				MARKETING_VERSION = 1.0;
				PRODUCT_BUNDLE_IDENTIFIER = demo.Demo;
				PRODUCT_NAME = "$(TARGET_NAME)";
				SWIFT_VERSION = 5.0;
			};
			name = Debug;
		};
		7D7C8AAF2606774B00F97ED3 /* Release */ = {
			isa = XCBuildConfiguration;
			buildSettings = {
				CODE_SIGN_STYLE = Automatic;
				CURRENT_PROJECT_VERSION = 1;
				DEVELOPMENT_TEAM = 968DSZ49MT;
				MARKETING_VERSION = 1.0;
				PRODUCT_BUNDLE_IDENTIFIER = demo.Demo;
				PRODUCT_NAME = "$(TARGET_NAME)";
				SWIFT_VERSION = 5.0;
			};
			name = Release;
		};
/* End XCBuildConfiguration section */

/* Begin XCConfigurationList section */
		7D7C8A7A2606774A00F97ED3 /* Build configuration list for PBXProject "Demo" */ = {
			isa = XCConfigurationList;
			buildConfigurations = (
				7D7C8AA32606774B00F97ED3 /* Debug */,
				7D7C8AA42606774B00F97ED3 /* Release */,
			);
			defaultConfigurationIsVisible = 0;
			defaultConfigurationName = Release;
		};
		7D7C8AA52606774B00F97ED3 /* Build configuration list for PBXNativeTarget "Demo WatchKit Extension" */ = {
			isa = XCConfigurationList;
			buildConfigurations = (
				7D7C8AA62606774B00F97ED3 /* Debug */,
				7D7C8AA72606774B00F97ED3 /* Release */,
			);
			defaultConfigurationIsVisible = 0;
			defaultConfigurationName = Release;
		};
		7D7C8AA92606774B00F97ED3 /* Build configuration list for PBXNativeTarget "Demo WatchKit App" */ = {
			isa = XCConfigurationList;
			buildConfigurations = (
				7D7C8AAA2606774B00F97ED3 /* Debug */,
				7D7C8AAB2606774B00F97ED3 /* Release */,
			);
			defaultConfigurationIsVisible = 0;
			defaultConfigurationName = Release;
		};
		7D7C8AAD2606774B00F97ED3 /* Build configuration list for PBXNativeTarget "Demo" */ = {
			isa = XCConfigurationList;
			buildConfigurations = (
				7D7C8AAE2606774B00F97ED3 /* Debug */,
				7D7C8AAF2606774B00F97ED3 /* Release */,
			);
			defaultConfigurationIsVisible = 0;
			defaultConfigurationName = Release;
		};
/* End XCConfigurationList section */
	};
	rootObject = 7D7C8A772606774A00F97ED3 /* Project object */;
}
